
Microsoft Visual Studio Solution File, Format Version 12.00
# Visual Studio 15
VisualStudioVersion = 15.0.28010.2046
MinimumVisualStudioVersion = 10.0.40219.1
Project("{FAE04EC0-301F-11D3-BF4B-00C04F79EFBC}") = "WindowsFormsApp1", "WindowsFormsApp1\WindowsFormsApp1.csproj", "{50D8C2B0-CE61-46C9-9998-CB0D6B73CF8B}"
EndProject
Global
	GlobalSection(SolutionConfigurationPlatforms) = preSolution
		Debug|Any CPU = Debug|Any CPU
		Release|Any CPU = Release|Any CPU
	EndGlobalSection
	GlobalSection(ProjectConfigurationPlatforms) = postSolution
		{50D8C2B0-CE61-46C9-9998-CB0D6B73CF8B}.Debug|Any CPU.ActiveCfg = Debug|Any CPU
		{50D8C2B0-CE61-46C9-9998-CB0D6B73CF8B}.Debug|Any CPU.Build.0 = Debug|Any CPU
		{50D8C2B0-CE61-46C9-9998-CB0D6B73CF8B}.Release|Any CPU.ActiveCfg = Release|Any CPU
		{50D8C2B0-CE61-46C9-9998-CB0D6B73CF8B}.Release|Any CPU.Build.0 = Release|Any CPU
	EndGlobalSection
	GlobalSection(SolutionProperties) = preSolution
		HideSolutionNode = FALSE
	EndGlobalSection
	GlobalSection(ExtensibilityGlobals) = postSolution
		SolutionGuid = {08154904-101E-4899-987E-F26D0E3F8CE5}
	EndGlobalSection
EndGlobal
